github.com/jonas-p/go-shp v0.1.1 h1:LY81nN67DBCz6VNFn2kS64CjmnDo9IP8rmSkTvhO9jE=
github.com/jonas-p/go-shp v0.1.1/go.mod h1:MRIhyxDQ6VVp0oYeD7yPGr5RSTNScUFKCDsI5DR7PtI=
github.com/twpayne/go-geom v1.5.2 h1:LyRfBX2W0LM7XN/bGqX0XxrJ7SZc3XwmxU4aj4kSoxw=
github.com/twpayne/go-geom v1.5.2/go.mod h1:3z6O2sAnGtGCXx4Q+5nPOLCA5e8WI2t3cthdb1P2HH8=
